// !$*UTF8*$!
{
	archiveVersion = 1;
	classes = {
	};
	objectVersion = 55;
	objects = {

/* Begin PBXBuildFile section */
		3622CF7C272949D5005912CD /* Champion.swift in Sources */ = {isa = PBXBuildFile; fileRef = 3622CF7B272949D5005912CD /* Champion.swift */; };
		3654D763271FE42300BBB9EB /* AppDelegate.swift in Sources */ = {isa = PBXBuildFile; fileRef = 3654D762271FE42300BBB9EB /* AppDelegate.swift */; };
		3654D765271FE42300BBB9EB /* SceneDelegate.swift in Sources */ = {isa = PBXBuildFile; fileRef = 3654D764271FE42300BBB9EB /* SceneDelegate.swift */; };
		3654D76C271FE42400BBB9EB /* Assets.xcassets in Resources */ = {isa = PBXBuildFile; fileRef = 3654D76B271FE42400BBB9EB /* Assets.xcassets */; };
		3654D76F271FE42400BBB9EB /* LaunchScreen.storyboard in Resources */ = {isa = PBXBuildFile; fileRef = 3654D76D271FE42400BBB9EB /* LaunchScreen.storyboard */; };
		3654D77E271FEA1100BBB9EB /* BaseViewController.swift in Sources */ = {isa = PBXBuildFile; fileRef = 3654D77D271FEA1100BBB9EB /* BaseViewController.swift */; };
		3654D780271FEA6E00BBB9EB /* BaseNavigationController.swift in Sources */ = {isa = PBXBuildFile; fileRef = 3654D77F271FEA6E00BBB9EB /* BaseNavigationController.swift */; };
		3654D782271FEACA00BBB9EB /* BaseTabBarController.swift in Sources */ = {isa = PBXBuildFile; fileRef = 3654D781271FEACA00BBB9EB /* BaseTabBarController.swift */; };
		3654D786271FEB7500BBB9EB /* HomeViewController.swift in Sources */ = {isa = PBXBuildFile; fileRef = 3654D784271FEB7500BBB9EB /* HomeViewController.swift */; };
		3654D787271FEB7500BBB9EB /* HomeViewController.xib in Resources */ = {isa = PBXBuildFile; fileRef = 3654D785271FEB7500BBB9EB /* HomeViewController.xib */; };
		36574F032729022100C27774 /* LOLChampionsViewController.swift in Sources */ = {isa = PBXBuildFile; fileRef = 36574F012729022100C27774 /* LOLChampionsViewController.swift */; };
		36574F042729022100C27774 /* LOLChampionsViewController.xib in Resources */ = {isa = PBXBuildFile; fileRef = 36574F022729022100C27774 /* LOLChampionsViewController.xib */; };
		36574F082729031A00C27774 /* LOLItemsViewController.swift in Sources */ = {isa = PBXBuildFile; fileRef = 36574F062729031A00C27774 /* LOLItemsViewController.swift */; };
		36574F092729031A00C27774 /* LOLItemsViewController.xib in Resources */ = {isa = PBXBuildFile; fileRef = 36574F072729031A00C27774 /* LOLItemsViewController.xib */; };
		36574F0B27290F3E00C27774 /* LOLTabBarController.swift in Sources */ = {isa = PBXBuildFile; fileRef = 36574F0A27290F3E00C27774 /* LOLTabBarController.swift */; };
		36574F0F27291AAF00C27774 /* LOLRunesViewController.swift in Sources */ = {isa = PBXBuildFile; fileRef = 36574F0D27291AAF00C27774 /* LOLRunesViewController.swift */; };
		36574F1027291AAF00C27774 /* LOLRunesViewController.xib in Resources */ = {isa = PBXBuildFile; fileRef = 36574F0E27291AAF00C27774 /* LOLRunesViewController.xib */; };
		36574F122729274D00C27774 /* TFTTabBarController.swift in Sources */ = {isa = PBXBuildFile; fileRef = 36574F112729274D00C27774 /* TFTTabBarController.swift */; };
		36574F172729297800C27774 /* TFTChampionsViewController.swift in Sources */ = {isa = PBXBuildFile; fileRef = 36574F152729297800C27774 /* TFTChampionsViewController.swift */; };
		36574F182729297800C27774 /* TFTChampionsViewController.xib in Resources */ = {isa = PBXBuildFile; fileRef = 36574F162729297800C27774 /* TFTChampionsViewController.xib */; };
		36574F1B2729298600C27774 /* TFTItemsViewController.swift in Sources */ = {isa = PBXBuildFile; fileRef = 36574F192729298600C27774 /* TFTItemsViewController.swift */; };
		36574F1C2729298600C27774 /* TFTItemsViewController.xib in Resources */ = {isa = PBXBuildFile; fileRef = 36574F1A2729298600C27774 /* TFTItemsViewController.xib */; };
		36574F21272935D000C27774 /* LOLChampionsCell.swift in Sources */ = {isa = PBXBuildFile; fileRef = 36574F1F272935D000C27774 /* LOLChampionsCell.swift */; };
		36574F22272935D000C27774 /* LOLChampionsCell.xib in Resources */ = {isa = PBXBuildFile; fileRef = 36574F20272935D000C27774 /* LOLChampionsCell.xib */; };
		36BB5D752729F13400001491 /* Image.swift in Sources */ = {isa = PBXBuildFile; fileRef = 36BB5D742729F13400001491 /* Image.swift */; };
		87E109F25E1944CD199057A5 /* Pods_LoLGuilde.framework in Frameworks */ = {isa = PBXBuildFile; fileRef = E2BBF08DAB4D95AE0FE9F8A4 /* Pods_LoLGuilde.framework */; };
/* End PBXBuildFile section */

/* Begin PBXFileReference section */
		3622CF7B272949D5005912CD /* Champion.swift */ = {isa = PBXFileReference; lastKnownFileType = sourcecode.swift; path = Champion.swift; sourceTree = "<group>"; };
		3654D75F271FE42300BBB9EB /* LoLGuilde.app */ = {isa = PBXFileReference; explicitFileType = wrapper.application; includeInIndex = 0; path = LoLGuilde.app; sourceTree = BUILT_PRODUCTS_DIR; };
		3654D762271FE42300BBB9EB /* AppDelegate.swift */ = {isa = PBXFileReference; lastKnownFileType = sourcecode.swift; path = AppDelegate.swift; sourceTree = "<group>"; };
		3654D764271FE42300BBB9EB /* SceneDelegate.swift */ = {isa = PBXFileReference; lastKnownFileType = sourcecode.swift; path = SceneDelegate.swift; sourceTree = "<group>"; };
		3654D76B271FE42400BBB9EB /* Assets.xcassets */ = {isa = PBXFileReference; lastKnownFileType = folder.assetcatalog; path = Assets.xcassets; sourceTree = "<group>"; };
		3654D76E271FE42400BBB9EB /* Base */ = {isa = PBXFileReference; lastKnownFileType = file.storyboard; name = Base; path = Base.lproj/LaunchScreen.storyboard; sourceTree = "<group>"; };
		3654D770271FE42400BBB9EB /* Info.plist */ = {isa = PBXFileReference; lastKnownFileType = text.plist.xml; path = Info.plist; sourceTree = "<group>"; };
		3654D77D271FEA1100BBB9EB /* BaseViewController.swift */ = {isa = PBXFileReference; lastKnownFileType = sourcecode.swift; path = BaseViewController.swift; sourceTree = "<group>"; };
		3654D77F271FEA6E00BBB9EB /* BaseNavigationController.swift */ = {isa = PBXFileReference; lastKnownFileType = sourcecode.swift; path = BaseNavigationController.swift; sourceTree = "<group>"; };
		3654D781271FEACA00BBB9EB /* BaseTabBarController.swift */ = {isa = PBXFileReference; lastKnownFileType = sourcecode.swift; path = BaseTabBarController.swift; sourceTree = "<group>"; };
		3654D784271FEB7500BBB9EB /* HomeViewController.swift */ = {isa = PBXFileReference; lastKnownFileType = sourcecode.swift; path = HomeViewController.swift; sourceTree = "<group>"; };
		3654D785271FEB7500BBB9EB /* HomeViewController.xib */ = {isa = PBXFileReference; lastKnownFileType = file.xib; path = HomeViewController.xib; sourceTree = "<group>"; };
		36574F012729022100C27774 /* LOLChampionsViewController.swift */ = {isa = PBXFileReference; lastKnownFileType = sourcecode.swift; path = LOLChampionsViewController.swift; sourceTree = "<group>"; };
		36574F022729022100C27774 /* LOLChampionsViewController.xib */ = {isa = PBXFileReference; lastKnownFileType = file.xib; path = LOLChampionsViewController.xib; sourceTree = "<group>"; };
		36574F062729031A00C27774 /* LOLItemsViewController.swift */ = {isa = PBXFileReference; lastKnownFileType = sourcecode.swift; path = LOLItemsViewController.swift; sourceTree = "<group>"; };
		36574F072729031A00C27774 /* LOLItemsViewController.xib */ = {isa = PBXFileReference; lastKnownFileType = file.xib; path = LOLItemsViewController.xib; sourceTree = "<group>"; };
		36574F0A27290F3E00C27774 /* LOLTabBarController.swift */ = {isa = PBXFileReference; lastKnownFileType = sourcecode.swift; path = LOLTabBarController.swift; sourceTree = "<group>"; };
		36574F0D27291AAF00C27774 /* LOLRunesViewController.swift */ = {isa = PBXFileReference; lastKnownFileType = sourcecode.swift; path = LOLRunesViewController.swift; sourceTree = "<group>"; };
		36574F0E27291AAF00C27774 /* LOLRunesViewController.xib */ = {isa = PBXFileReference; lastKnownFileType = file.xib; path = LOLRunesViewController.xib; sourceTree = "<group>"; };
		36574F112729274D00C27774 /* TFTTabBarController.swift */ = {isa = PBXFileReference; lastKnownFileType = sourcecode.swift; path = TFTTabBarController.swift; sourceTree = "<group>"; };
		36574F152729297800C27774 /* TFTChampionsViewController.swift */ = {isa = PBXFileReference; lastKnownFileType = sourcecode.swift; path = TFTChampionsViewController.swift; sourceTree = "<group>"; };
		36574F162729297800C27774 /* TFTChampionsViewController.xib */ = {isa = PBXFileReference; lastKnownFileType = file.xib; path = TFTChampionsViewController.xib; sourceTree = "<group>"; };
		36574F192729298600C27774 /* TFTItemsViewController.swift */ = {isa = PBXFileReference; lastKnownFileType = sourcecode.swift; path = TFTItemsViewController.swift; sourceTree = "<group>"; };
		36574F1A2729298600C27774 /* TFTItemsViewController.xib */ = {isa = PBXFileReference; lastKnownFileType = file.xib; path = TFTItemsViewController.xib; sourceTree = "<group>"; };
		36574F1F272935D000C27774 /* LOLChampionsCell.swift */ = {isa = PBXFileReference; lastKnownFileType = sourcecode.swift; path = LOLChampionsCell.swift; sourceTree = "<group>"; };
		36574F20272935D000C27774 /* LOLChampionsCell.xib */ = {isa = PBXFileReference; lastKnownFileType = file.xib; path = LOLChampionsCell.xib; sourceTree = "<group>"; };
		36BB5D742729F13400001491 /* Image.swift */ = {isa = PBXFileReference; fileEncoding = 4; lastKnownFileType = sourcecode.swift; path = Image.swift; sourceTree = "<group>"; };
		7F30D1743EE12A3B4C62F217 /* Pods-LoLGuilde.release.xcconfig */ = {isa = PBXFileReference; includeInIndex = 1; lastKnownFileType = text.xcconfig; name = "Pods-LoLGuilde.release.xcconfig"; path = "Target Support Files/Pods-LoLGuilde/Pods-LoLGuilde.release.xcconfig"; sourceTree = "<group>"; };
		B503EAE8A47C33115A40BD5B /* Pods-LoLGuilde.debug.xcconfig */ = {isa = PBXFileReference; includeInIndex = 1; lastKnownFileType = text.xcconfig; name = "Pods-LoLGuilde.debug.xcconfig"; path = "Target Support Files/Pods-LoLGuilde/Pods-LoLGuilde.debug.xcconfig"; sourceTree = "<group>"; };
		E2BBF08DAB4D95AE0FE9F8A4 /* Pods_LoLGuilde.framework */ = {isa = PBXFileReference; explicitFileType = wrapper.framework; includeInIndex = 0; path = Pods_LoLGuilde.framework; sourceTree = BUILT_PRODUCTS_DIR; };
/* End PBXFileReference section */

/* Begin PBXFrameworksBuildPhase section */
		3654D75C271FE42300BBB9EB /* Frameworks */ = {
			isa = PBXFrameworksBuildPhase;
			buildActionMask = 2147483647;
			files = (
				87E109F25E1944CD199057A5 /* Pods_LoLGuilde.framework in Frameworks */,
			);
			runOnlyForDeploymentPostprocessing = 0;
		};
/* End PBXFrameworksBuildPhase section */

/* Begin PBXGroup section */
		3622CF79272949A9005912CD /* LOLObj */ = {
			isa = PBXGroup;
			children = (
				3622CF7B272949D5005912CD /* Champion.swift */,
				36BB5D742729F13400001491 /* Image.swift */,
			);
			path = LOLObj;
			sourceTree = "<group>";
		};
		3622CF7A272949BB005912CD /* TFTObj */ = {
			isa = PBXGroup;
			children = (
			);
			path = TFTObj;
			sourceTree = "<group>";
		};
		362DE5042726B75700D3FC71 /* LOL */ = {
			isa = PBXGroup;
			children = (
				36574F0C27291A9800C27774 /* Runes */,
				36574F052729030300C27774 /* Items */,
				36574F00272901F800C27774 /* Champions */,
				36574F0A27290F3E00C27774 /* LOLTabBarController.swift */,
			);
			path = LOL;
			sourceTree = "<group>";
		};
		362DE5052726B76C00D3FC71 /* TFT */ = {
			isa = PBXGroup;
			children = (
				36574F142729288800C27774 /* Items */,
				36574F132729287C00C27774 /* Champions */,
				36574F112729274D00C27774 /* TFTTabBarController.swift */,
			);
			path = TFT;
			sourceTree = "<group>";
		};
		3654D756271FE42300BBB9EB = {
			isa = PBXGroup;
			children = (
				3654D761271FE42300BBB9EB /* LoLGuilde */,
				3654D760271FE42300BBB9EB /* Products */,
				D3B7C0F3B306BE49279DAF97 /* Pods */,
				FC74C205166C2DAC81BC4FF6 /* Frameworks */,
			);
			sourceTree = "<group>";
		};
		3654D760271FE42300BBB9EB /* Products */ = {
			isa = PBXGroup;
			children = (
				3654D75F271FE42300BBB9EB /* LoLGuilde.app */,
			);
			name = Products;
			sourceTree = "<group>";
		};
		3654D761271FE42300BBB9EB /* LoLGuilde */ = {
			isa = PBXGroup;
			children = (
				3654D776271FE64C00BBB9EB /* AppDelegate */,
				3654D77B271FE9C400BBB9EB /* Controllers */,
				3654D778271FE6FA00BBB9EB /* Views */,
				3654D777271FE6EB00BBB9EB /* Models */,
				3654D77A271FE71D00BBB9EB /* Resources */,
				3654D770271FE42400BBB9EB /* Info.plist */,
			);
			path = LoLGuilde;
			sourceTree = "<group>";
		};
		3654D776271FE64C00BBB9EB /* AppDelegate */ = {
			isa = PBXGroup;
			children = (
				3654D762271FE42300BBB9EB /* AppDelegate.swift */,
				3654D764271FE42300BBB9EB /* SceneDelegate.swift */,
			);
			path = AppDelegate;
			sourceTree = "<group>";
		};
		3654D777271FE6EB00BBB9EB /* Models */ = {
			isa = PBXGroup;
			children = (
				3654D78F271FF17F00BBB9EB /* Objects */,
			);
			path = Models;
			sourceTree = "<group>";
		};
		3654D778271FE6FA00BBB9EB /* Views */ = {
			isa = PBXGroup;
			children = (
				3654D76D271FE42400BBB9EB /* LaunchScreen.storyboard */,
			);
			path = Views;
			sourceTree = "<group>";
		};
		3654D77A271FE71D00BBB9EB /* Resources */ = {
			isa = PBXGroup;
			children = (
				3654D76B271FE42400BBB9EB /* Assets.xcassets */,
			);
			path = Resources;
			sourceTree = "<group>";
		};
		3654D77B271FE9C400BBB9EB /* Controllers */ = {
			isa = PBXGroup;
			children = (
				362DE5052726B76C00D3FC71 /* TFT */,
				362DE5042726B75700D3FC71 /* LOL */,
				3654D783271FEAF300BBB9EB /* Home */,
				3654D77C271FE9D200BBB9EB /* Base */,
			);
			path = Controllers;
			sourceTree = "<group>";
		};
		3654D77C271FE9D200BBB9EB /* Base */ = {
			isa = PBXGroup;
			children = (
				3654D77D271FEA1100BBB9EB /* BaseViewController.swift */,
				3654D77F271FEA6E00BBB9EB /* BaseNavigationController.swift */,
				3654D781271FEACA00BBB9EB /* BaseTabBarController.swift */,
			);
			path = Base;
			sourceTree = "<group>";
		};
		3654D783271FEAF300BBB9EB /* Home */ = {
			isa = PBXGroup;
			children = (
				3654D784271FEB7500BBB9EB /* HomeViewController.swift */,
				3654D785271FEB7500BBB9EB /* HomeViewController.xib */,
			);
			path = Home;
			sourceTree = "<group>";
		};
		3654D78F271FF17F00BBB9EB /* Objects */ = {
			isa = PBXGroup;
			children = (
				3622CF7A272949BB005912CD /* TFTObj */,
				3622CF79272949A9005912CD /* LOLObj */,
			);
			path = Objects;
			sourceTree = "<group>";
		};
		36574F00272901F800C27774 /* Champions */ = {
			isa = PBXGroup;
			children = (
				36574F1E272934F600C27774 /* Cells */,
				36574F012729022100C27774 /* LOLChampionsViewController.swift */,
				36574F022729022100C27774 /* LOLChampionsViewController.xib */,
			);
			path = Champions;
			sourceTree = "<group>";
		};
		36574F052729030300C27774 /* Items */ = {
			isa = PBXGroup;
			children = (
				36574F062729031A00C27774 /* LOLItemsViewController.swift */,
				36574F072729031A00C27774 /* LOLItemsViewController.xib */,
			);
			path = Items;
			sourceTree = "<group>";
		};
		36574F0C27291A9800C27774 /* Runes */ = {
			isa = PBXGroup;
			children = (
				36574F0D27291AAF00C27774 /* LOLRunesViewController.swift */,
				36574F0E27291AAF00C27774 /* LOLRunesViewController.xib */,
			);
			path = Runes;
			sourceTree = "<group>";
		};
		36574F132729287C00C27774 /* Champions */ = {
			isa = PBXGroup;
			children = (
				36574F152729297800C27774 /* TFTChampionsViewController.swift */,
				36574F162729297800C27774 /* TFTChampionsViewController.xib */,
			);
			path = Champions;
			sourceTree = "<group>";
		};
		36574F142729288800C27774 /* Items */ = {
			isa = PBXGroup;
			children = (
				36574F192729298600C27774 /* TFTItemsViewController.swift */,
				36574F1A2729298600C27774 /* TFTItemsViewController.xib */,
			);
			path = Items;
			sourceTree = "<group>";
		};
		36574F1E272934F600C27774 /* Cells */ = {
			isa = PBXGroup;
			children = (
				36574F1F272935D000C27774 /* LOLChampionsCell.swift */,
				36574F20272935D000C27774 /* LOLChampionsCell.xib */,
			);
			path = Cells;
			sourceTree = "<group>";
		};
		D3B7C0F3B306BE49279DAF97 /* Pods */ = {
			isa = PBXGroup;
			children = (
				B503EAE8A47C33115A40BD5B /* Pods-LoLGuilde.debug.xcconfig */,
				7F30D1743EE12A3B4C62F217 /* Pods-LoLGuilde.release.xcconfig */,
			);
			path = Pods;
			sourceTree = "<group>";
		};
		FC74C205166C2DAC81BC4FF6 /* Frameworks */ = {
			isa = PBXGroup;
			children = (
				E2BBF08DAB4D95AE0FE9F8A4 /* Pods_LoLGuilde.framework */,
			);
			name = Frameworks;
			sourceTree = "<group>";
		};
/* End PBXGroup section */

/* Begin PBXNativeTarget section */
		3654D75E271FE42300BBB9EB /* LoLGuilde */ = {
			isa = PBXNativeTarget;
			buildConfigurationList = 3654D773271FE42400BBB9EB /* Build configuration list for PBXNativeTarget "LoLGuilde" */;
			buildPhases = (
				B333D1BE3FC4570D7BA566D9 /* [CP] Check Pods Manifest.lock */,
				3654D75B271FE42300BBB9EB /* Sources */,
				3654D75C271FE42300BBB9EB /* Frameworks */,
				3654D75D271FE42300BBB9EB /* Resources */,
				A111024DD253EE2C7657D92C /* [CP] Embed Pods Frameworks */,
			);
			buildRules = (
			);
			dependencies = (
			);
			name = LoLGuilde;
			productName = LoLGuilde;
			productReference = 3654D75F271FE42300BBB9EB /* LoLGuilde.app */;
			productType = "com.apple.product-type.application";
		};
/* End PBXNativeTarget section */

/* Begin PBXProject section */
		3654D757271FE42300BBB9EB /* Project object */ = {
			isa = PBXProject;
			attributes = {
				BuildIndependentTargetsInParallel = 1;
				LastSwiftUpdateCheck = 1300;
				LastUpgradeCheck = 1300;
				TargetAttributes = {
					3654D75E271FE42300BBB9EB = {
						CreatedOnToolsVersion = 13.0;
					};
				};
			};
			buildConfigurationList = 3654D75A271FE42300BBB9EB /* Build configuration list for PBXProject "LoLGuilde" */;
			compatibilityVersion = "Xcode 13.0";
			developmentRegion = en;
			hasScannedForEncodings = 0;
			knownRegions = (
				en,
				Base,
			);
			mainGroup = 3654D756271FE42300BBB9EB;
			productRefGroup = 3654D760271FE42300BBB9EB /* Products */;
			projectDirPath = "";
			projectRoot = "";
			targets = (
				3654D75E271FE42300BBB9EB /* LoLGuilde */,
			);
		};
/* End PBXProject section */

/* Begin PBXResourcesBuildPhase section */
		3654D75D271FE42300BBB9EB /* Resources */ = {
			isa = PBXResourcesBuildPhase;
			buildActionMask = 2147483647;
			files = (
				36574F042729022100C27774 /* LOLChampionsViewController.xib in Resources */,
				3654D76F271FE42400BBB9EB /* LaunchScreen.storyboard in Resources */,
				36574F22272935D000C27774 /* LOLChampionsCell.xib in Resources */,
				36574F1C2729298600C27774 /* TFTItemsViewController.xib in Resources */,
				36574F092729031A00C27774 /* LOLItemsViewController.xib in Resources */,
				36574F182729297800C27774 /* TFTChampionsViewController.xib in Resources */,
				3654D76C271FE42400BBB9EB /* Assets.xcassets in Resources */,
				3654D787271FEB7500BBB9EB /* HomeViewController.xib in Resources */,
				36574F1027291AAF00C27774 /* LOLRunesViewController.xib in Resources */,
			);
			runOnlyForDeploymentPostprocessing = 0;
		};
/* End PBXResourcesBuildPhase section */

/* Begin PBXShellScriptBuildPhase section */
		A111024DD253EE2C7657D92C /* [CP] Embed Pods Frameworks */ = {
			isa = PBXShellScriptBuildPhase;
			buildActionMask = 2147483647;
			files = (
			);
			inputFileListPaths = (
				"${PODS_ROOT}/Target Support Files/Pods-LoLGuilde/Pods-LoLGuilde-frameworks-${CONFIGURATION}-input-files.xcfilelist",
			);
			name = "[CP] Embed Pods Frameworks";
			outputFileListPaths = (
				"${PODS_ROOT}/Target Support Files/Pods-LoLGuilde/Pods-LoLGuilde-frameworks-${CONFIGURATION}-output-files.xcfilelist",
			);
			runOnlyForDeploymentPostprocessing = 0;
			shellPath = /bin/sh;
			shellScript = "\"${PODS_ROOT}/Target Support Files/Pods-LoLGuilde/Pods-LoLGuilde-frameworks.sh\"\n";
			showEnvVarsInLog = 0;
		};
		B333D1BE3FC4570D7BA566D9 /* [CP] Check Pods Manifest.lock */ = {
			isa = PBXShellScriptBuildPhase;
			buildActionMask = 2147483647;
			files = (
			);
			inputFileListPaths = (
			);
			inputPaths = (
				"${PODS_PODFILE_DIR_PATH}/Podfile.lock",
				"${PODS_ROOT}/Manifest.lock",
			);
			name = "[CP] Check Pods Manifest.lock";
			outputFileListPaths = (
			);
			outputPaths = (
				"$(DERIVED_FILE_DIR)/Pods-LoLGuilde-checkManifestLockResult.txt",
			);
			runOnlyForDeploymentPostprocessing = 0;
			shellPath = /bin/sh;
			shellScript = "diff \"${PODS_PODFILE_DIR_PATH}/Podfile.lock\" \"${PODS_ROOT}/Manifest.lock\" > /dev/null\nif [ $? != 0 ] ; then\n    # print error to STDERR\n    echo \"error: The sandbox is not in sync with the Podfile.lock. Run 'pod install' or update your CocoaPods installation.\" >&2\n    exit 1\nfi\n# This output is used by Xcode 'outputs' to avoid re-running this script phase.\necho \"SUCCESS\" > \"${SCRIPT_OUTPUT_FILE_0}\"\n";
			showEnvVarsInLog = 0;
		};
/* End PBXShellScriptBuildPhase section */

/* Begin PBXSourcesBuildPhase section */
		3654D75B271FE42300BBB9EB /* Sources */ = {
			isa = PBXSourcesBuildPhase;
			buildActionMask = 2147483647;
			files = (
				3654D77E271FEA1100BBB9EB /* BaseViewController.swift in Sources */,
				3654D782271FEACA00BBB9EB /* BaseTabBarController.swift in Sources */,
				36574F21272935D000C27774 /* LOLChampionsCell.swift in Sources */,
				3654D763271FE42300BBB9EB /* AppDelegate.swift in Sources */,
				36574F0F27291AAF00C27774 /* LOLRunesViewController.swift in Sources */,
				3622CF7C272949D5005912CD /* Champion.swift in Sources */,
				36574F172729297800C27774 /* TFTChampionsViewController.swift in Sources */,
				36574F1B2729298600C27774 /* TFTItemsViewController.swift in Sources */,
				3654D780271FEA6E00BBB9EB /* BaseNavigationController.swift in Sources */,
				36BB5D752729F13400001491 /* Image.swift in Sources */,
				3654D786271FEB7500BBB9EB /* HomeViewController.swift in Sources */,
				3654D765271FE42300BBB9EB /* SceneDelegate.swift in Sources */,
				36574F0B27290F3E00C27774 /* LOLTabBarController.swift in Sources */,
				36574F082729031A00C27774 /* LOLItemsViewController.swift in Sources */,
				36574F032729022100C27774 /* LOLChampionsViewController.swift in Sources */,
				36574F122729274D00C27774 /* TFTTabBarController.swift in Sources */,
			);
			runOnlyForDeploymentPostprocessing = 0;
		};
/* End PBXSourcesBuildPhase section */

/* Begin PBXVariantGroup section */
		3654D76D271FE42400BBB9EB /* LaunchScreen.storyboard */ = {
			isa = PBXVariantGroup;
			children = (
				3654D76E271FE42400BBB9EB /* Base */,
			);
			name = LaunchScreen.storyboard;
			sourceTree = "<group>";
		};
/* End PBXVariantGroup section */

/* Begin XCBuildConfiguration section */
		3654D771271FE42400BBB9EB /* Debug */ = {
			isa = XCBuildConfiguration;
			buildSettings = {
				ALWAYS_SEARCH_USER_PATHS = NO;
				CLANG_ANALYZER_NONNULL = YES;
				CLANG_ANALYZER_NUMBER_OBJECT_CONVERSION = YES_AGGRESSIVE;
				CLANG_CXX_LANGUAGE_STANDARD = "gnu++17";
				CLANG_CXX_LIBRARY = "libc++";
				CLANG_ENABLE_MODULES = YES;
				CLANG_ENABLE_OBJC_ARC = YES;
				CLANG_ENABLE_OBJC_WEAK = YES;
				CLANG_WARN_BLOCK_CAPTURE_AUTORELEASING = YES;
				CLANG_WARN_BOOL_CONVERSION = YES;
				CLANG_WARN_COMMA = YES;
				CLANG_WARN_CONSTANT_CONVERSION = YES;
				CLANG_WARN_DEPRECATED_OBJC_IMPLEMENTATIONS = YES;
				CLANG_WARN_DIRECT_OBJC_ISA_USAGE = YES_ERROR;
				CLANG_WARN_DOCUMENTATION_COMMENTS = YES;
				CLANG_WARN_EMPTY_BODY = YES;
				CLANG_WARN_ENUM_CONVERSION = YES;
				CLANG_WARN_INFINITE_RECURSION = YES;
				CLANG_WARN_INT_CONVERSION = YES;
				CLANG_WARN_NON_LITERAL_NULL_CONVERSION = YES;
				CLANG_WARN_OBJC_IMPLICIT_RETAIN_SELF = YES;
				CLANG_WARN_OBJC_LITERAL_CONVERSION = YES;
				CLANG_WARN_OBJC_ROOT_CLASS = YES_ERROR;
				CLANG_WARN_QUOTED_INCLUDE_IN_FRAMEWORK_HEADER = YES;
				CLANG_WARN_RANGE_LOOP_ANALYSIS = YES;
				CLANG_WARN_STRICT_PROTOTYPES = YES;
				CLANG_WARN_SUSPICIOUS_MOVE = YES;
				CLANG_WARN_UNGUARDED_AVAILABILITY = YES_AGGRESSIVE;
				CLANG_WARN_UNREACHABLE_CODE = YES;
				CLANG_WARN__DUPLICATE_METHOD_MATCH = YES;
				COPY_PHASE_STRIP = NO;
				DEBUG_INFORMATION_FORMAT = dwarf;
				ENABLE_STRICT_OBJC_MSGSEND = YES;
				ENABLE_TESTABILITY = YES;
				GCC_C_LANGUAGE_STANDARD = gnu11;
				GCC_DYNAMIC_NO_PIC = NO;
				GCC_NO_COMMON_BLOCKS = YES;
				GCC_OPTIMIZATION_LEVEL = 0;
				GCC_PREPROCESSOR_DEFINITIONS = (
					"DEBUG=1",
					"$(inherited)",
				);
				GCC_WARN_64_TO_32_BIT_CONVERSION = YES;
				GCC_WARN_ABOUT_RETURN_TYPE = YES_ERROR;
				GCC_WARN_UNDECLARED_SELECTOR = YES;
				GCC_WARN_UNINITIALIZED_AUTOS = YES_AGGRESSIVE;
				GCC_WARN_UNUSED_FUNCTION = YES;
				GCC_WARN_UNUSED_VARIABLE = YES;
				IPHONEOS_DEPLOYMENT_TARGET = 15.0;
				MTL_ENABLE_DEBUG_INFO = INCLUDE_SOURCE;
				MTL_FAST_MATH = YES;
				ONLY_ACTIVE_ARCH = YES;
				SDKROOT = iphoneos;
				SWIFT_ACTIVE_COMPILATION_CONDITIONS = DEBUG;
				SWIFT_OPTIMIZATION_LEVEL = "-Onone";
			};
			name = Debug;
		};
		3654D772271FE42400BBB9EB /* Release */ = {
			isa = XCBuildConfiguration;
			buildSettings = {
				ALWAYS_SEARCH_USER_PATHS = NO;
				CLANG_ANALYZER_NONNULL = YES;
				CLANG_ANALYZER_NUMBER_OBJECT_CONVERSION = YES_AGGRESSIVE;
				CLANG_CXX_LANGUAGE_STANDARD = "gnu++17";
				CLANG_CXX_LIBRARY = "libc++";
				CLANG_ENABLE_MODULES = YES;
				CLANG_ENABLE_OBJC_ARC = YES;
				CLANG_ENABLE_OBJC_WEAK = YES;
				CLANG_WARN_BLOCK_CAPTURE_AUTORELEASING = YES;
				CLANG_WARN_BOOL_CONVERSION = YES;
				CLANG_WARN_COMMA = YES;
				CLANG_WARN_CONSTANT_CONVERSION = YES;
				CLANG_WARN_DEPRECATED_OBJC_IMPLEMENTATIONS = YES;
				CLANG_WARN_DIRECT_OBJC_ISA_USAGE = YES_ERROR;
				CLANG_WARN_DOCUMENTATION_COMMENTS = YES;
				CLANG_WARN_EMPTY_BODY = YES;
				CLANG_WARN_ENUM_CONVERSION = YES;
				CLANG_WARN_INFINITE_RECURSION = YES;
				CLANG_WARN_INT_CONVERSION = YES;
				CLANG_WARN_NON_LITERAL_NULL_CONVERSION = YES;
				CLANG_WARN_OBJC_IMPLICIT_RETAIN_SELF = YES;
				CLANG_WARN_OBJC_LITERAL_CONVERSION = YES;
				CLANG_WARN_OBJC_ROOT_CLASS = YES_ERROR;
				CLANG_WARN_QUOTED_INCLUDE_IN_FRAMEWORK_HEADER = YES;
				CLANG_WARN_RANGE_LOOP_ANALYSIS = YES;
				CLANG_WARN_STRICT_PROTOTYPES = YES;
				CLANG_WARN_SUSPICIOUS_MOVE = YES;
				CLANG_WARN_UNGUARDED_AVAILABILITY = YES_AGGRESSIVE;
				CLANG_WARN_UNREACHABLE_CODE = YES;
				CLANG_WARN__DUPLICATE_METHOD_MATCH = YES;
				COPY_PHASE_STRIP = NO;
				DEBUG_INFORMATION_FORMAT = "dwarf-with-dsym";
				ENABLE_NS_ASSERTIONS = NO;
				ENABLE_STRICT_OBJC_MSGSEND = YES;
				GCC_C_LANGUAGE_STANDARD = gnu11;
				GCC_NO_COMMON_BLOCKS = YES;
				GCC_WARN_64_TO_32_BIT_CONVERSION = YES;
				GCC_WARN_ABOUT_RETURN_TYPE = YES_ERROR;
				GCC_WARN_UNDECLARED_SELECTOR = YES;
				GCC_WARN_UNINITIALIZED_AUTOS = YES_AGGRESSIVE;
				GCC_WARN_UNUSED_FUNCTION = YES;
				GCC_WARN_UNUSED_VARIABLE = YES;
				IPHONEOS_DEPLOYMENT_TARGET = 15.0;
				MTL_ENABLE_DEBUG_INFO = NO;
				MTL_FAST_MATH = YES;
				SDKROOT = iphoneos;
				SWIFT_COMPILATION_MODE = wholemodule;
				SWIFT_OPTIMIZATION_LEVEL = "-O";
				VALIDATE_PRODUCT = YES;
			};
			name = Release;
		};
		3654D774271FE42400BBB9EB /* Debug */ = {
			isa = XCBuildConfiguration;
			baseConfigurationReference = B503EAE8A47C33115A40BD5B /* Pods-LoLGuilde.debug.xcconfig */;
			buildSettings = {
				ASSETCATALOG_COMPILER_APPICON_NAME = AppIcon;
				ASSETCATALOG_COMPILER_GLOBAL_ACCENT_COLOR_NAME = AccentColor;
				CODE_SIGN_STYLE = Automatic;
				CURRENT_PROJECT_VERSION = 1;
				DEVELOPMENT_TEAM = ND56YYF4X4;
				GENERATE_INFOPLIST_FILE = YES;
				INFOPLIST_FILE = LoLGuilde/Info.plist;
				INFOPLIST_KEY_UIApplicationSupportsIndirectInputEvents = YES;
				INFOPLIST_KEY_UILaunchStoryboardName = LaunchScreen;
				INFOPLIST_KEY_UISupportedInterfaceOrientations = UIInterfaceOrientationPortrait;
				INFOPLIST_KEY_UISupportedInterfaceOrientations_iPad = "UIInterfaceOrientationPortrait UIInterfaceOrientationPortraitUpsideDown UIInterfaceOrientationLandscapeLeft UIInterfaceOrientationLandscapeRight";
				INFOPLIST_KEY_UISupportedInterfaceOrientations_iPhone = "UIInterfaceOrientationPortrait UIInterfaceOrientationLandscapeLeft UIInterfaceOrientationLandscapeRight";
				LD_RUNPATH_SEARCH_PATHS = (
					"$(inherited)",
					"@executable_path/Frameworks",
				);
				MARKETING_VERSION = 1.0;
				PRODUCT_BUNDLE_IDENTIFIER = NguyenHT.LoLGuilde;
				PRODUCT_NAME = "$(TARGET_NAME)";
				SWIFT_EMIT_LOC_STRINGS = YES;
				SWIFT_VERSION = 5.0;
				TARGETED_DEVICE_FAMILY = 1;
			};
			name = Debug;
		};
		3654D775271FE42400BBB9EB /* Release */ = {
			isa = XCBuildConfiguration;
			baseConfigurationReference = 7F30D1743EE12A3B4C62F217 /* Pods-LoLGuilde.release.xcconfig */;
			buildSettings = {
				ASSETCATALOG_COMPILER_APPICON_NAME = AppIcon;
				ASSETCATALOG_COMPILER_GLOBAL_ACCENT_COLOR_NAME = AccentColor;
				CODE_SIGN_STYLE = Automatic;
				CURRENT_PROJECT_VERSION = 1;
				DEVELOPMENT_TEAM = ND56YYF4X4;
				GENERATE_INFOPLIST_FILE = YES;
				INFOPLIST_FILE = LoLGuilde/Info.plist;
				INFOPLIST_KEY_UIApplicationSupportsIndirectInputEvents = YES;
				INFOPLIST_KEY_UILaunchStoryboardName = LaunchScreen;
				INFOPLIST_KEY_UISupportedInterfaceOrientations = UIInterfaceOrientationPortrait;
				INFOPLIST_KEY_UISupportedInterfaceOrientations_iPad = "UIInterfaceOrientationPortrait UIInterfaceOrientationPortraitUpsideDown UIInterfaceOrientationLandscapeLeft UIInterfaceOrientationLandscapeRight";
				INFOPLIST_KEY_UISupportedInterfaceOrientations_iPhone = "UIInterfaceOrientationPortrait UIInterfaceOrientationLandscapeLeft UIInterfaceOrientationLandscapeRight";
				LD_RUNPATH_SEARCH_PATHS = (
					"$(inherited)",
					"@executable_path/Frameworks",
				);
				MARKETING_VERSION = 1.0;
				PRODUCT_BUNDLE_IDENTIFIER = NguyenHT.LoLGuilde;
				PRODUCT_NAME = "$(TARGET_NAME)";
				SWIFT_EMIT_LOC_STRINGS = YES;
				SWIFT_VERSION = 5.0;
				TARGETED_DEVICE_FAMILY = 1;
			};
			name = Release;
		};
/* End XCBuildConfiguration section */

/* Begin XCConfigurationList section */
		3654D75A271FE42300BBB9EB /* Build configuration list for PBXProject "LoLGuilde" */ = {
			isa = XCConfigurationList;
			buildConfigurations = (
				3654D771271FE42400BBB9EB /* Debug */,
				3654D772271FE42400BBB9EB /* Release */,
			);
			defaultConfigurationIsVisible = 0;
			defaultConfigurationName = Release;
		};
		3654D773271FE42400BBB9EB /* Build configuration list for PBXNativeTarget "LoLGuilde" */ = {
			isa = XCConfigurationList;
			buildConfigurations = (
				3654D774271FE42400BBB9EB /* Debug */,
				3654D775271FE42400BBB9EB /* Release */,
			);
			defaultConfigurationIsVisible = 0;
			defaultConfigurationName = Release;
		};
/* End XCConfigurationList section */
	};
	rootObject = 3654D757271FE42300BBB9EB /* Project object */;
}
